// !$*UTF8*$!
{
	archiveVersion = 1;
	classes = {
	};
	objectVersion = 56;
	objects = {

/* Begin PBXBuildFile section */
		DEC6C0742BD6FD960002C01A /* StepperViewModel.swift in Sources */ = {isa = PBXBuildFile; fileRef = DEC6C0732BD6FD960002C01A /* StepperViewModel.swift */; };
		DEC6C0782BD702690002C01A /* StepperView.swift in Sources */ = {isa = PBXBuildFile; fileRef = DEC6C0772BD702690002C01A /* StepperView.swift */; };
		DEC6C07D2BD756870002C01A /* BasketViewController.swift in Sources */ = {isa = PBXBuildFile; fileRef = DEC6C07C2BD756870002C01A /* BasketViewController.swift */; };
		DEC6C07F2BD75A5C0002C01A /* BasketViewModel.swift in Sources */ = {isa = PBXBuildFile; fileRef = DEC6C07E2BD75A5C0002C01A /* BasketViewModel.swift */; };
		DEC6C0812BD75AC90002C01A /* BasketCell.swift in Sources */ = {isa = PBXBuildFile; fileRef = DEC6C0802BD75AC90002C01A /* BasketCell.swift */; };
		DEC6C0832BD75D540002C01A /* BasketItem.swift in Sources */ = {isa = PBXBuildFile; fileRef = DEC6C0822BD75D540002C01A /* BasketItem.swift */; };
		DECD58A12BD5DA4900556570 /* CoreDataManager.swift in Sources */ = {isa = PBXBuildFile; fileRef = DECD58A02BD5DA4900556570 /* CoreDataManager.swift */; };
		DECD58A42BD6109600556570 /* NavigationBarItemView.swift in Sources */ = {isa = PBXBuildFile; fileRef = DECD58A32BD6109600556570 /* NavigationBarItemView.swift */; };
		DECD58A62BD6114200556570 /* UINavigationController+Extension.swift in Sources */ = {isa = PBXBuildFile; fileRef = DECD58A52BD6114200556570 /* UINavigationController+Extension.swift */; };
		DECD58A82BD6150A00556570 /* NavigationBarViewModel.swift in Sources */ = {isa = PBXBuildFile; fileRef = DECD58A72BD6150A00556570 /* NavigationBarViewModel.swift */; };
		DED092752BD4A6F4008995E9 /* UIViewController+Extension.swift in Sources */ = {isa = PBXBuildFile; fileRef = DED092742BD4A6F4008995E9 /* UIViewController+Extension.swift */; };
		DEE114A82BD334CF00DAEE10 /* ProductCell.swift in Sources */ = {isa = PBXBuildFile; fileRef = DEE114A72BD334CF00DAEE10 /* ProductCell.swift */; };
		DEE114AA2BD34A3C00DAEE10 /* DetailViewController.swift in Sources */ = {isa = PBXBuildFile; fileRef = DEE114A92BD34A3C00DAEE10 /* DetailViewController.swift */; };
		DEE114AC2BD3562000DAEE10 /* DetailViewModel.swift in Sources */ = {isa = PBXBuildFile; fileRef = DEE114AB2BD3562000DAEE10 /* DetailViewModel.swift */; };
		DEE114AE2BD363DE00DAEE10 /* Collection+Extension.swift in Sources */ = {isa = PBXBuildFile; fileRef = DEE114AD2BD363DE00DAEE10 /* Collection+Extension.swift */; };
		DEE2D8402BD190D3006847A2 /* AppDelegate.swift in Sources */ = {isa = PBXBuildFile; fileRef = DEE2D83F2BD190D3006847A2 /* AppDelegate.swift */; };
		DEE2D8422BD190D3006847A2 /* SceneDelegate.swift in Sources */ = {isa = PBXBuildFile; fileRef = DEE2D8412BD190D3006847A2 /* SceneDelegate.swift */; };
		DEE2D84A2BD190D3006847A2 /* GetirApp_MVVM.xcdatamodeld in Sources */ = {isa = PBXBuildFile; fileRef = DEE2D8482BD190D3006847A2 /* GetirApp_MVVM.xcdatamodeld */; };
		DEE2D84C2BD190D4006847A2 /* Assets.xcassets in Resources */ = {isa = PBXBuildFile; fileRef = DEE2D84B2BD190D4006847A2 /* Assets.xcassets */; };
		DEE2D84F2BD190D4006847A2 /* LaunchScreen.storyboard in Resources */ = {isa = PBXBuildFile; fileRef = DEE2D84D2BD190D4006847A2 /* LaunchScreen.storyboard */; };
		DEE2D85A2BD190D4006847A2 /* GetirApp_MVVMTests.swift in Sources */ = {isa = PBXBuildFile; fileRef = DEE2D8592BD190D4006847A2 /* GetirApp_MVVMTests.swift */; };
		DEE2D8642BD190D4006847A2 /* GetirApp_MVVMUITests.swift in Sources */ = {isa = PBXBuildFile; fileRef = DEE2D8632BD190D4006847A2 /* GetirApp_MVVMUITests.swift */; };
		DEE2D8662BD190D4006847A2 /* GetirApp_MVVMUITestsLaunchTests.swift in Sources */ = {isa = PBXBuildFile; fileRef = DEE2D8652BD190D4006847A2 /* GetirApp_MVVMUITestsLaunchTests.swift */; };
		DEE2D8742BD19244006847A2 /* Kingfisher in Frameworks */ = {isa = PBXBuildFile; productRef = DEE2D8732BD19244006847A2 /* Kingfisher */; };
		DEE2D8772BD19257006847A2 /* Alamofire in Frameworks */ = {isa = PBXBuildFile; productRef = DEE2D8762BD19257006847A2 /* Alamofire */; };
		DEE2D8792BD19257006847A2 /* AlamofireDynamic in Frameworks */ = {isa = PBXBuildFile; productRef = DEE2D8782BD19257006847A2 /* AlamofireDynamic */; };
		DEE2D8842BD19337006847A2 /* Constants.swift in Sources */ = {isa = PBXBuildFile; fileRef = DEE2D8832BD19337006847A2 /* Constants.swift */; };
		DEE2D88D2BD19774006847A2 /* ListingViewController.swift in Sources */ = {isa = PBXBuildFile; fileRef = DEE2D88C2BD19774006847A2 /* ListingViewController.swift */; };
		DEE2D8942BD1981C006847A2 /* Endpoint.swift in Sources */ = {isa = PBXBuildFile; fileRef = DEE2D8932BD1981C006847A2 /* Endpoint.swift */; };
		DEE2D8962BD19834006847A2 /* NetworkManager.swift in Sources */ = {isa = PBXBuildFile; fileRef = DEE2D8952BD19834006847A2 /* NetworkManager.swift */; };
		DEE2D8982BD19852006847A2 /* NetworkRequest.swift in Sources */ = {isa = PBXBuildFile; fileRef = DEE2D8972BD19852006847A2 /* NetworkRequest.swift */; };
		DEE2D89A2BD19870006847A2 /* ListingModel.swift in Sources */ = {isa = PBXBuildFile; fileRef = DEE2D8992BD19870006847A2 /* ListingModel.swift */; };
		DEE2D89C2BD19955006847A2 /* ListingViewModel.swift in Sources */ = {isa = PBXBuildFile; fileRef = DEE2D89B2BD19955006847A2 /* ListingViewModel.swift */; };
		DEE2D8A02BD19AF4006847A2 /* SuggestCell.swift in Sources */ = {isa = PBXBuildFile; fileRef = DEE2D89F2BD19AF4006847A2 /* SuggestCell.swift */; };
/* End PBXBuildFile section */

/* Begin PBXContainerItemProxy section */
		DEE2D8562BD190D4006847A2 /* PBXContainerItemProxy */ = {
			isa = PBXContainerItemProxy;
			containerPortal = DEE2D8342BD190D3006847A2 /* Project object */;
			proxyType = 1;
			remoteGlobalIDString = DEE2D83B2BD190D3006847A2;
			remoteInfo = "GetirApp-MVVM";
		};
		DEE2D8602BD190D4006847A2 /* PBXContainerItemProxy */ = {
			isa = PBXContainerItemProxy;
			containerPortal = DEE2D8342BD190D3006847A2 /* Project object */;
			proxyType = 1;
			remoteGlobalIDString = DEE2D83B2BD190D3006847A2;
			remoteInfo = "GetirApp-MVVM";
		};
/* End PBXContainerItemProxy section */

/* Begin PBXFileReference section */
		DEC6C0732BD6FD960002C01A /* StepperViewModel.swift */ = {isa = PBXFileReference; lastKnownFileType = sourcecode.swift; path = StepperViewModel.swift; sourceTree = "<group>"; };
		DEC6C0772BD702690002C01A /* StepperView.swift */ = {isa = PBXFileReference; lastKnownFileType = sourcecode.swift; path = StepperView.swift; sourceTree = "<group>"; };
		DEC6C07C2BD756870002C01A /* BasketViewController.swift */ = {isa = PBXFileReference; lastKnownFileType = sourcecode.swift; path = BasketViewController.swift; sourceTree = "<group>"; };
		DEC6C07E2BD75A5C0002C01A /* BasketViewModel.swift */ = {isa = PBXFileReference; lastKnownFileType = sourcecode.swift; path = BasketViewModel.swift; sourceTree = "<group>"; };
		DEC6C0802BD75AC90002C01A /* BasketCell.swift */ = {isa = PBXFileReference; lastKnownFileType = sourcecode.swift; path = BasketCell.swift; sourceTree = "<group>"; };
		DEC6C0822BD75D540002C01A /* BasketItem.swift */ = {isa = PBXFileReference; lastKnownFileType = sourcecode.swift; path = BasketItem.swift; sourceTree = "<group>"; };
		DECD58A02BD5DA4900556570 /* CoreDataManager.swift */ = {isa = PBXFileReference; lastKnownFileType = sourcecode.swift; path = CoreDataManager.swift; sourceTree = "<group>"; };
		DECD58A32BD6109600556570 /* NavigationBarItemView.swift */ = {isa = PBXFileReference; lastKnownFileType = sourcecode.swift; path = NavigationBarItemView.swift; sourceTree = "<group>"; };
		DECD58A52BD6114200556570 /* UINavigationController+Extension.swift */ = {isa = PBXFileReference; lastKnownFileType = sourcecode.swift; path = "UINavigationController+Extension.swift"; sourceTree = "<group>"; };
		DECD58A72BD6150A00556570 /* NavigationBarViewModel.swift */ = {isa = PBXFileReference; lastKnownFileType = sourcecode.swift; path = NavigationBarViewModel.swift; sourceTree = "<group>"; };
		DED092742BD4A6F4008995E9 /* UIViewController+Extension.swift */ = {isa = PBXFileReference; lastKnownFileType = sourcecode.swift; path = "UIViewController+Extension.swift"; sourceTree = "<group>"; };
		DEE114A72BD334CF00DAEE10 /* ProductCell.swift */ = {isa = PBXFileReference; lastKnownFileType = sourcecode.swift; path = ProductCell.swift; sourceTree = "<group>"; };
		DEE114A92BD34A3C00DAEE10 /* DetailViewController.swift */ = {isa = PBXFileReference; lastKnownFileType = sourcecode.swift; path = DetailViewController.swift; sourceTree = "<group>"; };
		DEE114AB2BD3562000DAEE10 /* DetailViewModel.swift */ = {isa = PBXFileReference; lastKnownFileType = sourcecode.swift; path = DetailViewModel.swift; sourceTree = "<group>"; };
		DEE114AD2BD363DE00DAEE10 /* Collection+Extension.swift */ = {isa = PBXFileReference; lastKnownFileType = sourcecode.swift; path = "Collection+Extension.swift"; sourceTree = "<group>"; };
		DEE2D83C2BD190D3006847A2 /* GetirApp-MVVM.app */ = {isa = PBXFileReference; explicitFileType = wrapper.application; includeInIndex = 0; path = "GetirApp-MVVM.app"; sourceTree = BUILT_PRODUCTS_DIR; };
		DEE2D83F2BD190D3006847A2 /* AppDelegate.swift */ = {isa = PBXFileReference; lastKnownFileType = sourcecode.swift; path = AppDelegate.swift; sourceTree = "<group>"; };
		DEE2D8412BD190D3006847A2 /* SceneDelegate.swift */ = {isa = PBXFileReference; lastKnownFileType = sourcecode.swift; path = SceneDelegate.swift; sourceTree = "<group>"; };
		DEE2D8492BD190D3006847A2 /* GetirApp_MVVM.xcdatamodel */ = {isa = PBXFileReference; lastKnownFileType = wrapper.xcdatamodel; path = GetirApp_MVVM.xcdatamodel; sourceTree = "<group>"; };
		DEE2D84B2BD190D4006847A2 /* Assets.xcassets */ = {isa = PBXFileReference; lastKnownFileType = folder.assetcatalog; path = Assets.xcassets; sourceTree = "<group>"; };
		DEE2D84E2BD190D4006847A2 /* Base */ = {isa = PBXFileReference; lastKnownFileType = file.storyboard; name = Base; path = Base.lproj/LaunchScreen.storyboard; sourceTree = "<group>"; };
		DEE2D8502BD190D4006847A2 /* Info.plist */ = {isa = PBXFileReference; lastKnownFileType = text.plist.xml; path = Info.plist; sourceTree = "<group>"; };
		DEE2D8552BD190D4006847A2 /* GetirApp-MVVMTests.xctest */ = {isa = PBXFileReference; explicitFileType = wrapper.cfbundle; includeInIndex = 0; path = "GetirApp-MVVMTests.xctest"; sourceTree = BUILT_PRODUCTS_DIR; };
		DEE2D8592BD190D4006847A2 /* GetirApp_MVVMTests.swift */ = {isa = PBXFileReference; lastKnownFileType = sourcecode.swift; path = GetirApp_MVVMTests.swift; sourceTree = "<group>"; };
		DEE2D85F2BD190D4006847A2 /* GetirApp-MVVMUITests.xctest */ = {isa = PBXFileReference; explicitFileType = wrapper.cfbundle; includeInIndex = 0; path = "GetirApp-MVVMUITests.xctest"; sourceTree = BUILT_PRODUCTS_DIR; };
		DEE2D8632BD190D4006847A2 /* GetirApp_MVVMUITests.swift */ = {isa = PBXFileReference; lastKnownFileType = sourcecode.swift; path = GetirApp_MVVMUITests.swift; sourceTree = "<group>"; };
		DEE2D8652BD190D4006847A2 /* GetirApp_MVVMUITestsLaunchTests.swift */ = {isa = PBXFileReference; lastKnownFileType = sourcecode.swift; path = GetirApp_MVVMUITestsLaunchTests.swift; sourceTree = "<group>"; };
		DEE2D8832BD19337006847A2 /* Constants.swift */ = {isa = PBXFileReference; lastKnownFileType = sourcecode.swift; path = Constants.swift; sourceTree = "<group>"; };
		DEE2D88C2BD19774006847A2 /* ListingViewController.swift */ = {isa = PBXFileReference; lastKnownFileType = sourcecode.swift; path = ListingViewController.swift; sourceTree = "<group>"; };
		DEE2D8932BD1981C006847A2 /* Endpoint.swift */ = {isa = PBXFileReference; lastKnownFileType = sourcecode.swift; path = Endpoint.swift; sourceTree = "<group>"; };
		DEE2D8952BD19834006847A2 /* NetworkManager.swift */ = {isa = PBXFileReference; lastKnownFileType = sourcecode.swift; path = NetworkManager.swift; sourceTree = "<group>"; };
		DEE2D8972BD19852006847A2 /* NetworkRequest.swift */ = {isa = PBXFileReference; lastKnownFileType = sourcecode.swift; path = NetworkRequest.swift; sourceTree = "<group>"; };
		DEE2D8992BD19870006847A2 /* ListingModel.swift */ = {isa = PBXFileReference; lastKnownFileType = sourcecode.swift; path = ListingModel.swift; sourceTree = "<group>"; };
		DEE2D89B2BD19955006847A2 /* ListingViewModel.swift */ = {isa = PBXFileReference; lastKnownFileType = sourcecode.swift; path = ListingViewModel.swift; sourceTree = "<group>"; };
		DEE2D89F2BD19AF4006847A2 /* SuggestCell.swift */ = {isa = PBXFileReference; lastKnownFileType = sourcecode.swift; path = SuggestCell.swift; sourceTree = "<group>"; };
/* End PBXFileReference section */

/* Begin PBXFrameworksBuildPhase section */
		DEE2D8392BD190D3006847A2 /* Frameworks */ = {
			isa = PBXFrameworksBuildPhase;
			buildActionMask = 2147483647;
			files = (
				DEE2D8742BD19244006847A2 /* Kingfisher in Frameworks */,
				DEE2D8792BD19257006847A2 /* AlamofireDynamic in Frameworks */,
				DEE2D8772BD19257006847A2 /* Alamofire in Frameworks */,
			);
			runOnlyForDeploymentPostprocessing = 0;
		};
		DEE2D8522BD190D4006847A2 /* Frameworks */ = {
			isa = PBXFrameworksBuildPhase;
			buildActionMask = 2147483647;
			files = (
			);
			runOnlyForDeploymentPostprocessing = 0;
		};
		DEE2D85C2BD190D4006847A2 /* Frameworks */ = {
			isa = PBXFrameworksBuildPhase;
			buildActionMask = 2147483647;
			files = (
			);
			runOnlyForDeploymentPostprocessing = 0;
		};
/* End PBXFrameworksBuildPhase section */

/* Begin PBXGroup section */
		DEC6C0752BD7020A0002C01A /* CustomViews */ = {
			isa = PBXGroup;
			children = (
				DECD58A32BD6109600556570 /* NavigationBarItemView.swift */,
				DEC6C0772BD702690002C01A /* StepperView.swift */,
			);
			path = CustomViews;
			sourceTree = "<group>";
		};
		DEC6C0762BD702430002C01A /* Application */ = {
			isa = PBXGroup;
			children = (
				DEE2D83F2BD190D3006847A2 /* AppDelegate.swift */,
				DEE2D8412BD190D3006847A2 /* SceneDelegate.swift */,
				DEE2D84B2BD190D4006847A2 /* Assets.xcassets */,
				DEE2D84D2BD190D4006847A2 /* LaunchScreen.storyboard */,
			);
			path = Application;
			sourceTree = "<group>";
		};
		DECD589F2BD5DA2800556570 /* Manager */ = {
			isa = PBXGroup;
			children = (
				DECD58A02BD5DA4900556570 /* CoreDataManager.swift */,
			);
			path = Manager;
			sourceTree = "<group>";
		};
		DEE2D8332BD190D3006847A2 = {
			isa = PBXGroup;
			children = (
				DEE2D83E2BD190D3006847A2 /* GetirApp-MVVM */,
				DEE2D8582BD190D4006847A2 /* GetirApp-MVVMTests */,
				DEE2D8622BD190D4006847A2 /* GetirApp-MVVMUITests */,
				DEE2D83D2BD190D3006847A2 /* Products */,
			);
			sourceTree = "<group>";
		};
		DEE2D83D2BD190D3006847A2 /* Products */ = {
			isa = PBXGroup;
			children = (
				DEE2D83C2BD190D3006847A2 /* GetirApp-MVVM.app */,
				DEE2D8552BD190D4006847A2 /* GetirApp-MVVMTests.xctest */,
				DEE2D85F2BD190D4006847A2 /* GetirApp-MVVMUITests.xctest */,
			);
			name = Products;
			sourceTree = "<group>";
		};
		DEE2D83E2BD190D3006847A2 /* GetirApp-MVVM */ = {
			isa = PBXGroup;
			children = (
				DEC6C0762BD702430002C01A /* Application */,
				DEE2D8802BD192F9006847A2 /* Resources */,
				DECD589F2BD5DA2800556570 /* Manager */,
				DEE2D87D2BD1929C006847A2 /* Service */,
				DEE2D87C2BD19295006847A2 /* Model */,
				DEE2D87B2BD1928B006847A2 /* ViewModel */,
				DEC6C0752BD7020A0002C01A /* CustomViews */,
				DEE2D87A2BD19280006847A2 /* Scene */,
				DEE2D8502BD190D4006847A2 /* Info.plist */,
				DEE2D8482BD190D3006847A2 /* GetirApp_MVVM.xcdatamodeld */,
			);
			path = "GetirApp-MVVM";
			sourceTree = "<group>";
		};
		DEE2D8582BD190D4006847A2 /* GetirApp-MVVMTests */ = {
			isa = PBXGroup;
			children = (
				DEE2D8592BD190D4006847A2 /* GetirApp_MVVMTests.swift */,
			);
			path = "GetirApp-MVVMTests";
			sourceTree = "<group>";
		};
		DEE2D8622BD190D4006847A2 /* GetirApp-MVVMUITests */ = {
			isa = PBXGroup;
			children = (
				DEE2D8632BD190D4006847A2 /* GetirApp_MVVMUITests.swift */,
				DEE2D8652BD190D4006847A2 /* GetirApp_MVVMUITestsLaunchTests.swift */,
			);
			path = "GetirApp-MVVMUITests";
			sourceTree = "<group>";
		};
		DEE2D87A2BD19280006847A2 /* Scene */ = {
			isa = PBXGroup;
			children = (
				DEE2D88B2BD195A7006847A2 /* Basket */,
				DEE2D88A2BD1959C006847A2 /* Detail */,
				DEE2D8892BD19589006847A2 /* Listing */,
			);
			path = Scene;
			sourceTree = "<group>";
		};
		DEE2D87B2BD1928B006847A2 /* ViewModel */ = {
			isa = PBXGroup;
			children = (
				DEE2D89B2BD19955006847A2 /* ListingViewModel.swift */,
				DEE114AB2BD3562000DAEE10 /* DetailViewModel.swift */,
				DECD58A72BD6150A00556570 /* NavigationBarViewModel.swift */,
				DEC6C0732BD6FD960002C01A /* StepperViewModel.swift */,
				DEC6C07E2BD75A5C0002C01A /* BasketViewModel.swift */,
			);
			path = ViewModel;
			sourceTree = "<group>";
		};
		DEE2D87C2BD19295006847A2 /* Model */ = {
			isa = PBXGroup;
			children = (
				DEE2D8992BD19870006847A2 /* ListingModel.swift */,
				DEC6C0822BD75D540002C01A /* BasketItem.swift */,
			);
			path = Model;
			sourceTree = "<group>";
		};
		DEE2D87D2BD1929C006847A2 /* Service */ = {
			isa = PBXGroup;
			children = (
				DEE2D8932BD1981C006847A2 /* Endpoint.swift */,
				DEE2D8952BD19834006847A2 /* NetworkManager.swift */,
				DEE2D8972BD19852006847A2 /* NetworkRequest.swift */,
			);
			path = Service;
			sourceTree = "<group>";
		};
		DEE2D8802BD192F9006847A2 /* Resources */ = {
			isa = PBXGroup;
			children = (
				DEE2D8822BD1930F006847A2 /* Common */,
				DEE2D8812BD19305006847A2 /* Extensions */,
			);
			path = Resources;
			sourceTree = "<group>";
		};
		DEE2D8812BD19305006847A2 /* Extensions */ = {
			isa = PBXGroup;
			children = (
				DEE114AD2BD363DE00DAEE10 /* Collection+Extension.swift */,
				DED092742BD4A6F4008995E9 /* UIViewController+Extension.swift */,
				DECD58A52BD6114200556570 /* UINavigationController+Extension.swift */,
			);
			path = Extensions;
			sourceTree = "<group>";
		};
		DEE2D8822BD1930F006847A2 /* Common */ = {
			isa = PBXGroup;
			children = (
				DEE2D8832BD19337006847A2 /* Constants.swift */,
			);
			path = Common;
			sourceTree = "<group>";
		};
		DEE2D8892BD19589006847A2 /* Listing */ = {
			isa = PBXGroup;
			children = (
				DEE2D88E2BD197B8006847A2 /* Cells */,
				DEE2D88C2BD19774006847A2 /* ListingViewController.swift */,
			);
			path = Listing;
			sourceTree = "<group>";
		};
		DEE2D88A2BD1959C006847A2 /* Detail */ = {
			isa = PBXGroup;
			children = (
				DEE114A92BD34A3C00DAEE10 /* DetailViewController.swift */,
			);
			path = Detail;
			sourceTree = "<group>";
		};
		DEE2D88B2BD195A7006847A2 /* Basket */ = {
			isa = PBXGroup;
			children = (
				DEC6C07C2BD756870002C01A /* BasketViewController.swift */,
				DEC6C0802BD75AC90002C01A /* BasketCell.swift */,
			);
			path = Basket;
			sourceTree = "<group>";
		};
		DEE2D88E2BD197B8006847A2 /* Cells */ = {
			isa = PBXGroup;
			children = (
				DEE114A72BD334CF00DAEE10 /* ProductCell.swift */,
				DEE2D89F2BD19AF4006847A2 /* SuggestCell.swift */,
			);
			path = Cells;
			sourceTree = "<group>";
		};
/* End PBXGroup section */

/* Begin PBXNativeTarget section */
		DEE2D83B2BD190D3006847A2 /* GetirApp-MVVM */ = {
			isa = PBXNativeTarget;
			buildConfigurationList = DEE2D8692BD190D4006847A2 /* Build configuration list for PBXNativeTarget "GetirApp-MVVM" */;
			buildPhases = (
				DEE2D8382BD190D3006847A2 /* Sources */,
				DEE2D8392BD190D3006847A2 /* Frameworks */,
				DEE2D83A2BD190D3006847A2 /* Resources */,
			);
			buildRules = (
			);
			dependencies = (
			);
			name = "GetirApp-MVVM";
			packageProductDependencies = (
				DEE2D8732BD19244006847A2 /* Kingfisher */,
				DEE2D8762BD19257006847A2 /* Alamofire */,
				DEE2D8782BD19257006847A2 /* AlamofireDynamic */,
			);
			productName = "GetirApp-MVVM";
			productReference = DEE2D83C2BD190D3006847A2 /* GetirApp-MVVM.app */;
			productType = "com.apple.product-type.application";
		};
		DEE2D8542BD190D4006847A2 /* GetirApp-MVVMTests */ = {
			isa = PBXNativeTarget;
			buildConfigurationList = DEE2D86C2BD190D4006847A2 /* Build configuration list for PBXNativeTarget "GetirApp-MVVMTests" */;
			buildPhases = (
				DEE2D8512BD190D4006847A2 /* Sources */,
				DEE2D8522BD190D4006847A2 /* Frameworks */,
				DEE2D8532BD190D4006847A2 /* Resources */,
			);
			buildRules = (
			);
			dependencies = (
				DEE2D8572BD190D4006847A2 /* PBXTargetDependency */,
			);
			name = "GetirApp-MVVMTests";
			productName = "GetirApp-MVVMTests";
			productReference = DEE2D8552BD190D4006847A2 /* GetirApp-MVVMTests.xctest */;
			productType = "com.apple.product-type.bundle.unit-test";
		};
		DEE2D85E2BD190D4006847A2 /* GetirApp-MVVMUITests */ = {
			isa = PBXNativeTarget;
			buildConfigurationList = DEE2D86F2BD190D4006847A2 /* Build configuration list for PBXNativeTarget "GetirApp-MVVMUITests" */;
			buildPhases = (
				DEE2D85B2BD190D4006847A2 /* Sources */,
				DEE2D85C2BD190D4006847A2 /* Frameworks */,
				DEE2D85D2BD190D4006847A2 /* Resources */,
			);
			buildRules = (
			);
			dependencies = (
				DEE2D8612BD190D4006847A2 /* PBXTargetDependency */,
			);
			name = "GetirApp-MVVMUITests";
			productName = "GetirApp-MVVMUITests";
			productReference = DEE2D85F2BD190D4006847A2 /* GetirApp-MVVMUITests.xctest */;
			productType = "com.apple.product-type.bundle.ui-testing";
		};
/* End PBXNativeTarget section */

/* Begin PBXProject section */
		DEE2D8342BD190D3006847A2 /* Project object */ = {
			isa = PBXProject;
			attributes = {
				BuildIndependentTargetsInParallel = 1;
				LastSwiftUpdateCheck = 1520;
				LastUpgradeCheck = 1520;
				TargetAttributes = {
					DEE2D83B2BD190D3006847A2 = {
						CreatedOnToolsVersion = 15.2;
					};
					DEE2D8542BD190D4006847A2 = {
						CreatedOnToolsVersion = 15.2;
						TestTargetID = DEE2D83B2BD190D3006847A2;
					};
					DEE2D85E2BD190D4006847A2 = {
						CreatedOnToolsVersion = 15.2;
						TestTargetID = DEE2D83B2BD190D3006847A2;
					};
				};
			};
			buildConfigurationList = DEE2D8372BD190D3006847A2 /* Build configuration list for PBXProject "GetirApp-MVVM" */;
			compatibilityVersion = "Xcode 14.0";
			developmentRegion = en;
			hasScannedForEncodings = 0;
			knownRegions = (
				en,
				Base,
			);
			mainGroup = DEE2D8332BD190D3006847A2;
			packageReferences = (
				DEE2D8722BD19244006847A2 /* XCRemoteSwiftPackageReference "Kingfisher" */,
				DEE2D8752BD19257006847A2 /* XCRemoteSwiftPackageReference "Alamofire" */,
			);
			productRefGroup = DEE2D83D2BD190D3006847A2 /* Products */;
			projectDirPath = "";
			projectRoot = "";
			targets = (
				DEE2D83B2BD190D3006847A2 /* GetirApp-MVVM */,
				DEE2D8542BD190D4006847A2 /* GetirApp-MVVMTests */,
				DEE2D85E2BD190D4006847A2 /* GetirApp-MVVMUITests */,
			);
		};
/* End PBXProject section */

/* Begin PBXResourcesBuildPhase section */
		DEE2D83A2BD190D3006847A2 /* Resources */ = {
			isa = PBXResourcesBuildPhase;
			buildActionMask = 2147483647;
			files = (
				DEE2D84F2BD190D4006847A2 /* LaunchScreen.storyboard in Resources */,
				DEE2D84C2BD190D4006847A2 /* Assets.xcassets in Resources */,
			);
			runOnlyForDeploymentPostprocessing = 0;
		};
		DEE2D8532BD190D4006847A2 /* Resources */ = {
			isa = PBXResourcesBuildPhase;
			buildActionMask = 2147483647;
			files = (
			);
			runOnlyForDeploymentPostprocessing = 0;
		};
		DEE2D85D2BD190D4006847A2 /* Resources */ = {
			isa = PBXResourcesBuildPhase;
			buildActionMask = 2147483647;
			files = (
			);
			runOnlyForDeploymentPostprocessing = 0;
		};
/* End PBXResourcesBuildPhase section */

/* Begin PBXSourcesBuildPhase section */
		DEE2D8382BD190D3006847A2 /* Sources */ = {
			isa = PBXSourcesBuildPhase;
			buildActionMask = 2147483647;
			files = (
				DED092752BD4A6F4008995E9 /* UIViewController+Extension.swift in Sources */,
				DEC6C0832BD75D540002C01A /* BasketItem.swift in Sources */,
				DEE2D89A2BD19870006847A2 /* ListingModel.swift in Sources */,
				DECD58A62BD6114200556570 /* UINavigationController+Extension.swift in Sources */,
				DEE2D8842BD19337006847A2 /* Constants.swift in Sources */,
				DEE2D8942BD1981C006847A2 /* Endpoint.swift in Sources */,
				DEC6C07D2BD756870002C01A /* BasketViewController.swift in Sources */,
				DECD58A12BD5DA4900556570 /* CoreDataManager.swift in Sources */,
				DECD58A42BD6109600556570 /* NavigationBarItemView.swift in Sources */,
				DEE2D8962BD19834006847A2 /* NetworkManager.swift in Sources */,
				DEE114A82BD334CF00DAEE10 /* ProductCell.swift in Sources */,
				DEC6C0742BD6FD960002C01A /* StepperViewModel.swift in Sources */,
				DEE2D8402BD190D3006847A2 /* AppDelegate.swift in Sources */,
				DEE2D88D2BD19774006847A2 /* ListingViewController.swift in Sources */,
				DEC6C07F2BD75A5C0002C01A /* BasketViewModel.swift in Sources */,
				DEC6C0782BD702690002C01A /* StepperView.swift in Sources */,
				DEE2D8A02BD19AF4006847A2 /* SuggestCell.swift in Sources */,
				DECD58A82BD6150A00556570 /* NavigationBarViewModel.swift in Sources */,
				DEE2D8982BD19852006847A2 /* NetworkRequest.swift in Sources */,
				DEE114AE2BD363DE00DAEE10 /* Collection+Extension.swift in Sources */,
				DEE2D8422BD190D3006847A2 /* SceneDelegate.swift in Sources */,
				DEE114AA2BD34A3C00DAEE10 /* DetailViewController.swift in Sources */,
				DEE2D84A2BD190D3006847A2 /* GetirApp_MVVM.xcdatamodeld in Sources */,
				DEC6C0812BD75AC90002C01A /* BasketCell.swift in Sources */,
				DEE2D89C2BD19955006847A2 /* ListingViewModel.swift in Sources */,
				DEE114AC2BD3562000DAEE10 /* DetailViewModel.swift in Sources */,
			);
			runOnlyForDeploymentPostprocessing = 0;
		};
		DEE2D8512BD190D4006847A2 /* Sources */ = {
			isa = PBXSourcesBuildPhase;
			buildActionMask = 2147483647;
			files = (
				DEE2D85A2BD190D4006847A2 /* GetirApp_MVVMTests.swift in Sources */,
			);
			runOnlyForDeploymentPostprocessing = 0;
		};
		DEE2D85B2BD190D4006847A2 /* Sources */ = {
			isa = PBXSourcesBuildPhase;
			buildActionMask = 2147483647;
			files = (
				DEE2D8662BD190D4006847A2 /* GetirApp_MVVMUITestsLaunchTests.swift in Sources */,
				DEE2D8642BD190D4006847A2 /* GetirApp_MVVMUITests.swift in Sources */,
			);
			runOnlyForDeploymentPostprocessing = 0;
		};
/* End PBXSourcesBuildPhase section */

/* Begin PBXTargetDependency section */
		DEE2D8572BD190D4006847A2 /* PBXTargetDependency */ = {
			isa = PBXTargetDependency;
			target = DEE2D83B2BD190D3006847A2 /* GetirApp-MVVM */;
			targetProxy = DEE2D8562BD190D4006847A2 /* PBXContainerItemProxy */;
		};
		DEE2D8612BD190D4006847A2 /* PBXTargetDependency */ = {
			isa = PBXTargetDependency;
			target = DEE2D83B2BD190D3006847A2 /* GetirApp-MVVM */;
			targetProxy = DEE2D8602BD190D4006847A2 /* PBXContainerItemProxy */;
		};
/* End PBXTargetDependency section */

/* Begin PBXVariantGroup section */
		DEE2D84D2BD190D4006847A2 /* LaunchScreen.storyboard */ = {
			isa = PBXVariantGroup;
			children = (
				DEE2D84E2BD190D4006847A2 /* Base */,
			);
			name = LaunchScreen.storyboard;
			sourceTree = "<group>";
		};
/* End PBXVariantGroup section */

/* Begin XCBuildConfiguration section */
		DEE2D8672BD190D4006847A2 /* Debug */ = {
			isa = XCBuildConfiguration;
			buildSettings = {
				ALWAYS_SEARCH_USER_PATHS = NO;
				ASSETCATALOG_COMPILER_GENERATE_SWIFT_ASSET_SYMBOL_EXTENSIONS = YES;
				CLANG_ANALYZER_NONNULL = YES;
				CLANG_ANALYZER_NUMBER_OBJECT_CONVERSION = YES_AGGRESSIVE;
				CLANG_CXX_LANGUAGE_STANDARD = "gnu++20";
				CLANG_ENABLE_MODULES = YES;
				CLANG_ENABLE_OBJC_ARC = YES;
				CLANG_ENABLE_OBJC_WEAK = YES;
				CLANG_WARN_BLOCK_CAPTURE_AUTORELEASING = YES;
				CLANG_WARN_BOOL_CONVERSION = YES;
				CLANG_WARN_COMMA = YES;
				CLANG_WARN_CONSTANT_CONVERSION = YES;
				CLANG_WARN_DEPRECATED_OBJC_IMPLEMENTATIONS = YES;
				CLANG_WARN_DIRECT_OBJC_ISA_USAGE = YES_ERROR;
				CLANG_WARN_DOCUMENTATION_COMMENTS = YES;
				CLANG_WARN_EMPTY_BODY = YES;
				CLANG_WARN_ENUM_CONVERSION = YES;
				CLANG_WARN_INFINITE_RECURSION = YES;
				CLANG_WARN_INT_CONVERSION = YES;
				CLANG_WARN_NON_LITERAL_NULL_CONVERSION = YES;
				CLANG_WARN_OBJC_IMPLICIT_RETAIN_SELF = YES;
				CLANG_WARN_OBJC_LITERAL_CONVERSION = YES;
				CLANG_WARN_OBJC_ROOT_CLASS = YES_ERROR;
				CLANG_WARN_QUOTED_INCLUDE_IN_FRAMEWORK_HEADER = YES;
				CLANG_WARN_RANGE_LOOP_ANALYSIS = YES;
				CLANG_WARN_STRICT_PROTOTYPES = YES;
				CLANG_WARN_SUSPICIOUS_MOVE = YES;
				CLANG_WARN_UNGUARDED_AVAILABILITY = YES_AGGRESSIVE;
				CLANG_WARN_UNREACHABLE_CODE = YES;
				CLANG_WARN__DUPLICATE_METHOD_MATCH = YES;
				COPY_PHASE_STRIP = NO;
				DEBUG_INFORMATION_FORMAT = dwarf;
				ENABLE_STRICT_OBJC_MSGSEND = YES;
				ENABLE_TESTABILITY = YES;
				ENABLE_USER_SCRIPT_SANDBOXING = YES;
				GCC_C_LANGUAGE_STANDARD = gnu17;
				GCC_DYNAMIC_NO_PIC = NO;
				GCC_NO_COMMON_BLOCKS = YES;
				GCC_OPTIMIZATION_LEVEL = 0;
				GCC_PREPROCESSOR_DEFINITIONS = (
					"DEBUG=1",
					"$(inherited)",
				);
				GCC_WARN_64_TO_32_BIT_CONVERSION = YES;
				GCC_WARN_ABOUT_RETURN_TYPE = YES_ERROR;
				GCC_WARN_UNDECLARED_SELECTOR = YES;
				GCC_WARN_UNINITIALIZED_AUTOS = YES_AGGRESSIVE;
				GCC_WARN_UNUSED_FUNCTION = YES;
				GCC_WARN_UNUSED_VARIABLE = YES;
				IPHONEOS_DEPLOYMENT_TARGET = 17.2;
				LOCALIZATION_PREFERS_STRING_CATALOGS = YES;
				MTL_ENABLE_DEBUG_INFO = INCLUDE_SOURCE;
				MTL_FAST_MATH = YES;
				ONLY_ACTIVE_ARCH = YES;
				SDKROOT = iphoneos;
				SWIFT_ACTIVE_COMPILATION_CONDITIONS = "DEBUG $(inherited)";
				SWIFT_OPTIMIZATION_LEVEL = "-Onone";
			};
			name = Debug;
		};
		DEE2D8682BD190D4006847A2 /* Release */ = {
			isa = XCBuildConfiguration;
			buildSettings = {
				ALWAYS_SEARCH_USER_PATHS = NO;
				ASSETCATALOG_COMPILER_GENERATE_SWIFT_ASSET_SYMBOL_EXTENSIONS = YES;
				CLANG_ANALYZER_NONNULL = YES;
				CLANG_ANALYZER_NUMBER_OBJECT_CONVERSION = YES_AGGRESSIVE;
				CLANG_CXX_LANGUAGE_STANDARD = "gnu++20";
				CLANG_ENABLE_MODULES = YES;
				CLANG_ENABLE_OBJC_ARC = YES;
				CLANG_ENABLE_OBJC_WEAK = YES;
				CLANG_WARN_BLOCK_CAPTURE_AUTORELEASING = YES;
				CLANG_WARN_BOOL_CONVERSION = YES;
				CLANG_WARN_COMMA = YES;
				CLANG_WARN_CONSTANT_CONVERSION = YES;
				CLANG_WARN_DEPRECATED_OBJC_IMPLEMENTATIONS = YES;
				CLANG_WARN_DIRECT_OBJC_ISA_USAGE = YES_ERROR;
				CLANG_WARN_DOCUMENTATION_COMMENTS = YES;
				CLANG_WARN_EMPTY_BODY = YES;
				CLANG_WARN_ENUM_CONVERSION = YES;
				CLANG_WARN_INFINITE_RECURSION = YES;
				CLANG_WARN_INT_CONVERSION = YES;
				CLANG_WARN_NON_LITERAL_NULL_CONVERSION = YES;
				CLANG_WARN_OBJC_IMPLICIT_RETAIN_SELF = YES;
				CLANG_WARN_OBJC_LITERAL_CONVERSION = YES;
				CLANG_WARN_OBJC_ROOT_CLASS = YES_ERROR;
				CLANG_WARN_QUOTED_INCLUDE_IN_FRAMEWORK_HEADER = YES;
				CLANG_WARN_RANGE_LOOP_ANALYSIS = YES;
				CLANG_WARN_STRICT_PROTOTYPES = YES;
				CLANG_WARN_SUSPICIOUS_MOVE = YES;
				CLANG_WARN_UNGUARDED_AVAILABILITY = YES_AGGRESSIVE;
				CLANG_WARN_UNREACHABLE_CODE = YES;
				CLANG_WARN__DUPLICATE_METHOD_MATCH = YES;
				COPY_PHASE_STRIP = NO;
				DEBUG_INFORMATION_FORMAT = "dwarf-with-dsym";
				ENABLE_NS_ASSERTIONS = NO;
				ENABLE_STRICT_OBJC_MSGSEND = YES;
				ENABLE_USER_SCRIPT_SANDBOXING = YES;
				GCC_C_LANGUAGE_STANDARD = gnu17;
				GCC_NO_COMMON_BLOCKS = YES;
				GCC_WARN_64_TO_32_BIT_CONVERSION = YES;
				GCC_WARN_ABOUT_RETURN_TYPE = YES_ERROR;
				GCC_WARN_UNDECLARED_SELECTOR = YES;
				GCC_WARN_UNINITIALIZED_AUTOS = YES_AGGRESSIVE;
				GCC_WARN_UNUSED_FUNCTION = YES;
				GCC_WARN_UNUSED_VARIABLE = YES;
				IPHONEOS_DEPLOYMENT_TARGET = 17.2;
				LOCALIZATION_PREFERS_STRING_CATALOGS = YES;
				MTL_ENABLE_DEBUG_INFO = NO;
				MTL_FAST_MATH = YES;
				SDKROOT = iphoneos;
				SWIFT_COMPILATION_MODE = wholemodule;
				VALIDATE_PRODUCT = YES;
			};
			name = Release;
		};
		DEE2D86A2BD190D4006847A2 /* Debug */ = {
			isa = XCBuildConfiguration;
			buildSettings = {
				ASSETCATALOG_COMPILER_APPICON_NAME = AppIcon;
				ASSETCATALOG_COMPILER_GLOBAL_ACCENT_COLOR_NAME = AccentColor;
				CODE_SIGN_STYLE = Automatic;
				CURRENT_PROJECT_VERSION = 1;
				DEVELOPMENT_TEAM = 782789T7J2;
				GENERATE_INFOPLIST_FILE = YES;
				INFOPLIST_FILE = "GetirApp-MVVM/Info.plist";
				INFOPLIST_KEY_UIApplicationSupportsIndirectInputEvents = YES;
				INFOPLIST_KEY_UILaunchStoryboardName = LaunchScreen;
				INFOPLIST_KEY_UISupportedInterfaceOrientations_iPad = "UIInterfaceOrientationPortrait UIInterfaceOrientationPortraitUpsideDown UIInterfaceOrientationLandscapeLeft UIInterfaceOrientationLandscapeRight";
				INFOPLIST_KEY_UISupportedInterfaceOrientations_iPhone = "UIInterfaceOrientationPortrait UIInterfaceOrientationLandscapeLeft UIInterfaceOrientationLandscapeRight";
				IPHONEOS_DEPLOYMENT_TARGET = 15.0;
				LD_RUNPATH_SEARCH_PATHS = (
					"$(inherited)",
					"@executable_path/Frameworks",
				);
				MARKETING_VERSION = 1.0;
				PRODUCT_BUNDLE_IDENTIFIER = "com.ecemakcay.GetirApp-MVVM";
				PRODUCT_NAME = "$(TARGET_NAME)";
				SWIFT_EMIT_LOC_STRINGS = YES;
				SWIFT_VERSION = 5.0;
				TARGETED_DEVICE_FAMILY = "1,2";
			};
			name = Debug;
		};
		DEE2D86B2BD190D4006847A2 /* Release */ = {
			isa = XCBuildConfiguration;
			buildSettings = {
				ASSETCATALOG_COMPILER_APPICON_NAME = AppIcon;
				ASSETCATALOG_COMPILER_GLOBAL_ACCENT_COLOR_NAME = AccentColor;
				CODE_SIGN_STYLE = Automatic;
				CURRENT_PROJECT_VERSION = 1;
				DEVELOPMENT_TEAM = 782789T7J2;
				GENERATE_INFOPLIST_FILE = YES;
				INFOPLIST_FILE = "GetirApp-MVVM/Info.plist";
				INFOPLIST_KEY_UIApplicationSupportsIndirectInputEvents = YES;
				INFOPLIST_KEY_UILaunchStoryboardName = LaunchScreen;
				INFOPLIST_KEY_UISupportedInterfaceOrientations_iPad = "UIInterfaceOrientationPortrait UIInterfaceOrientationPortraitUpsideDown UIInterfaceOrientationLandscapeLeft UIInterfaceOrientationLandscapeRight";
				INFOPLIST_KEY_UISupportedInterfaceOrientations_iPhone = "UIInterfaceOrientationPortrait UIInterfaceOrientationLandscapeLeft UIInterfaceOrientationLandscapeRight";
				IPHONEOS_DEPLOYMENT_TARGET = 15.0;
				LD_RUNPATH_SEARCH_PATHS = (
					"$(inherited)",
					"@executable_path/Frameworks",
				);
				MARKETING_VERSION = 1.0;
				PRODUCT_BUNDLE_IDENTIFIER = "com.ecemakcay.GetirApp-MVVM";
				PRODUCT_NAME = "$(TARGET_NAME)";
				SWIFT_EMIT_LOC_STRINGS = YES;
				SWIFT_VERSION = 5.0;
				TARGETED_DEVICE_FAMILY = "1,2";
			};
			name = Release;
		};
		DEE2D86D2BD190D4006847A2 /* Debug */ = {
			isa = XCBuildConfiguration;
			buildSettings = {
				ALWAYS_EMBED_SWIFT_STANDARD_LIBRARIES = YES;
				BUNDLE_LOADER = "$(TEST_HOST)";
				CODE_SIGN_STYLE = Automatic;
				CURRENT_PROJECT_VERSION = 1;
				DEVELOPMENT_TEAM = 782789T7J2;
				GENERATE_INFOPLIST_FILE = YES;
				IPHONEOS_DEPLOYMENT_TARGET = 17.2;
				MARKETING_VERSION = 1.0;
				PRODUCT_BUNDLE_IDENTIFIER = "com.ecemakcay.GetirApp-MVVMTests";
				PRODUCT_NAME = "$(TARGET_NAME)";
				SWIFT_EMIT_LOC_STRINGS = NO;
				SWIFT_VERSION = 5.0;
				TARGETED_DEVICE_FAMILY = "1,2";
				TEST_HOST = "$(BUILT_PRODUCTS_DIR)/GetirApp-MVVM.app/$(BUNDLE_EXECUTABLE_FOLDER_PATH)/GetirApp-MVVM";
			};
			name = Debug;
		};
		DEE2D86E2BD190D4006847A2 /* Release */ = {
			isa = XCBuildConfiguration;
			buildSettings = {
				ALWAYS_EMBED_SWIFT_STANDARD_LIBRARIES = YES;
				BUNDLE_LOADER = "$(TEST_HOST)";
				CODE_SIGN_STYLE = Automatic;
				CURRENT_PROJECT_VERSION = 1;
				DEVELOPMENT_TEAM = 782789T7J2;
				GENERATE_INFOPLIST_FILE = YES;
				IPHONEOS_DEPLOYMENT_TARGET = 17.2;
				MARKETING_VERSION = 1.0;
				PRODUCT_BUNDLE_IDENTIFIER = "com.ecemakcay.GetirApp-MVVMTests";
				PRODUCT_NAME = "$(TARGET_NAME)";
				SWIFT_EMIT_LOC_STRINGS = NO;
				SWIFT_VERSION = 5.0;
				TARGETED_DEVICE_FAMILY = "1,2";
				TEST_HOST = "$(BUILT_PRODUCTS_DIR)/GetirApp-MVVM.app/$(BUNDLE_EXECUTABLE_FOLDER_PATH)/GetirApp-MVVM";
			};
			name = Release;
		};
		DEE2D8702BD190D4006847A2 /* Debug */ = {
			isa = XCBuildConfiguration;
			buildSettings = {
				ALWAYS_EMBED_SWIFT_STANDARD_LIBRARIES = YES;
				CODE_SIGN_STYLE = Automatic;
				CURRENT_PROJECT_VERSION = 1;
				DEVELOPMENT_TEAM = 782789T7J2;
				GENERATE_INFOPLIST_FILE = YES;
				MARKETING_VERSION = 1.0;
				PRODUCT_BUNDLE_IDENTIFIER = "com.ecemakcay.GetirApp-MVVMUITests";
				PRODUCT_NAME = "$(TARGET_NAME)";
				SWIFT_EMIT_LOC_STRINGS = NO;
				SWIFT_VERSION = 5.0;
				TARGETED_DEVICE_FAMILY = "1,2";
				TEST_TARGET_NAME = "GetirApp-MVVM";
			};
			name = Debug;
		};
		DEE2D8712BD190D4006847A2 /* Release */ = {
			isa = XCBuildConfiguration;
			buildSettings = {
				ALWAYS_EMBED_SWIFT_STANDARD_LIBRARIES = YES;
				CODE_SIGN_STYLE = Automatic;
				CURRENT_PROJECT_VERSION = 1;
				DEVELOPMENT_TEAM = 782789T7J2;
				GENERATE_INFOPLIST_FILE = YES;
				MARKETING_VERSION = 1.0;
				PRODUCT_BUNDLE_IDENTIFIER = "com.ecemakcay.GetirApp-MVVMUITests";
				PRODUCT_NAME = "$(TARGET_NAME)";
				SWIFT_EMIT_LOC_STRINGS = NO;
				SWIFT_VERSION = 5.0;
				TARGETED_DEVICE_FAMILY = "1,2";
				TEST_TARGET_NAME = "GetirApp-MVVM";
			};
			name = Release;
		};
/* End XCBuildConfiguration section */

/* Begin XCConfigurationList section */
		DEE2D8372BD190D3006847A2 /* Build configuration list for PBXProject "GetirApp-MVVM" */ = {
			isa = XCConfigurationList;
			buildConfigurations = (
				DEE2D8672BD190D4006847A2 /* Debug */,
				DEE2D8682BD190D4006847A2 /* Release */,
			);
			defaultConfigurationIsVisible = 0;
			defaultConfigurationName = Release;
		};
		DEE2D8692BD190D4006847A2 /* Build configuration list for PBXNativeTarget "GetirApp-MVVM" */ = {
			isa = XCConfigurationList;
			buildConfigurations = (
				DEE2D86A2BD190D4006847A2 /* Debug */,
				DEE2D86B2BD190D4006847A2 /* Release */,
			);
			defaultConfigurationIsVisible = 0;
			defaultConfigurationName = Release;
		};
		DEE2D86C2BD190D4006847A2 /* Build configuration list for PBXNativeTarget "GetirApp-MVVMTests" */ = {
			isa = XCConfigurationList;
			buildConfigurations = (
				DEE2D86D2BD190D4006847A2 /* Debug */,
				DEE2D86E2BD190D4006847A2 /* Release */,
			);
			defaultConfigurationIsVisible = 0;
			defaultConfigurationName = Release;
		};
		DEE2D86F2BD190D4006847A2 /* Build configuration list for PBXNativeTarget "GetirApp-MVVMUITests" */ = {
			isa = XCConfigurationList;
			buildConfigurations = (
				DEE2D8702BD190D4006847A2 /* Debug */,
				DEE2D8712BD190D4006847A2 /* Release */,
			);
			defaultConfigurationIsVisible = 0;
			defaultConfigurationName = Release;
		};
/* End XCConfigurationList section */

/* Begin XCRemoteSwiftPackageReference section */
		DEE2D8722BD19244006847A2 /* XCRemoteSwiftPackageReference "Kingfisher" */ = {
			isa = XCRemoteSwiftPackageReference;
			repositoryURL = "https://github.com/onevcat/Kingfisher";
			requirement = {
				kind = upToNextMajorVersion;
				minimumVersion = 7.11.0;
			};
		};
		DEE2D8752BD19257006847A2 /* XCRemoteSwiftPackageReference "Alamofire" */ = {
			isa = XCRemoteSwiftPackageReference;
			repositoryURL = "https://github.com/Alamofire/Alamofire.git";
			requirement = {
				kind = upToNextMajorVersion;
				minimumVersion = 5.9.1;
			};
		};
/* End XCRemoteSwiftPackageReference section */

/* Begin XCSwiftPackageProductDependency section */
		DEE2D8732BD19244006847A2 /* Kingfisher */ = {
			isa = XCSwiftPackageProductDependency;
			package = DEE2D8722BD19244006847A2 /* XCRemoteSwiftPackageReference "Kingfisher" */;
			productName = Kingfisher;
		};
		DEE2D8762BD19257006847A2 /* Alamofire */ = {
			isa = XCSwiftPackageProductDependency;
			package = DEE2D8752BD19257006847A2 /* XCRemoteSwiftPackageReference "Alamofire" */;
			productName = Alamofire;
		};
		DEE2D8782BD19257006847A2 /* AlamofireDynamic */ = {
			isa = XCSwiftPackageProductDependency;
			package = DEE2D8752BD19257006847A2 /* XCRemoteSwiftPackageReference "Alamofire" */;
			productName = AlamofireDynamic;
		};
/* End XCSwiftPackageProductDependency section */

/* Begin XCVersionGroup section */
		DEE2D8482BD190D3006847A2 /* GetirApp_MVVM.xcdatamodeld */ = {
			isa = XCVersionGroup;
			children = (
				DEE2D8492BD190D3006847A2 /* GetirApp_MVVM.xcdatamodel */,
			);
			currentVersion = DEE2D8492BD190D3006847A2 /* GetirApp_MVVM.xcdatamodel */;
			path = GetirApp_MVVM.xcdatamodeld;
			sourceTree = "<group>";
			versionGroupType = wrapper.xcdatamodel;
		};
/* End XCVersionGroup section */
	};
	rootObject = DEE2D8342BD190D3006847A2 /* Project object */;
}
